
Microsoft Visual Studio Solution File, Format Version 12.00
# Visual Studio 15
VisualStudioVersion = 15.0.28307.1022
MinimumVisualStudioVersion = 10.0.40219.1
Project("{FAE04EC0-301F-11D3-BF4B-00C04F79EFBC}") = "Stack", "Stack.csproj", "{FFB9CA2F-9ACB-4B0D-93C2-939D4E4A10DB}"
EndProject
Global
	GlobalSection(SolutionConfigurationPlatforms) = preSolution
		Debug|Any CPU = Debug|Any CPU
		Release|Any CPU = Release|Any CPU
	EndGlobalSection
	GlobalSection(ProjectConfigurationPlatforms) = postSolution
		{FFB9CA2F-9ACB-4B0D-93C2-939D4E4A10DB}.Debug|Any CPU.ActiveCfg = Debug|Any CPU
		{FFB9CA2F-9ACB-4B0D-93C2-939D4E4A10DB}.Debug|Any CPU.Build.0 = Debug|Any CPU
		{FFB9CA2F-9ACB-4B0D-93C2-939D4E4A10DB}.Release|Any CPU.ActiveCfg = Release|Any CPU
		{FFB9CA2F-9ACB-4B0D-93C2-939D4E4A10DB}.Release|Any CPU.Build.0 = Release|Any CPU
	EndGlobalSection
	GlobalSection(SolutionProperties) = preSolution
		HideSolutionNode = FALSE
	EndGlobalSection
	GlobalSection(ExtensibilityGlobals) = postSolution
		SolutionGuid = {CFA0A135-6CB8-423F-88B0-2155C609FA57}
	EndGlobalSection
EndGlobal
